
Microsoft Visual Studio Solution File, Format Version 12.00
# Visual Studio Version 17
VisualStudioVersion = 17.1.32210.238
MinimumVisualStudioVersion = 10.0.40219.1
Project("{9A19103F-16F7-4668-BE54-9A1E7A4F7556}") = "Demo.Services.Dogs.Api", "Demo.Services.Dogs.Api\Demo.Services.Dogs.Api.csproj", "{038A9534-71A7-4A9E-9994-A36A940FF321}"
EndProject
Project("{9A19103F-16F7-4668-BE54-9A1E7A4F7556}") = "Demo.Services.Dogs.Db", "Demo.Services.Dogs.Db\Demo.Services.Dogs.Db.csproj", "{8F281C83-F386-4936-94D0-1D3B753DE1D6}"
EndProject
Project("{9A19103F-16F7-4668-BE54-9A1E7A4F7556}") = "Demo.Libs.Dogs", "Demo.Libs.Dogs\Demo.Libs.Dogs.csproj", "{14897E42-6951-420C-95AB-DB1D266F742B}"
EndProject
Global
	GlobalSection(SolutionConfigurationPlatforms) = preSolution
		Debug|Any CPU = Debug|Any CPU
		Release|Any CPU = Release|Any CPU
	EndGlobalSection
	GlobalSection(ProjectConfigurationPlatforms) = postSolution
		{038A9534-71A7-4A9E-9994-A36A940FF321}.Debug|Any CPU.ActiveCfg = Debug|Any CPU
		{038A9534-71A7-4A9E-9994-A36A940FF321}.Debug|Any CPU.Build.0 = Debug|Any CPU
		{038A9534-71A7-4A9E-9994-A36A940FF321}.Release|Any CPU.ActiveCfg = Release|Any CPU
		{038A9534-71A7-4A9E-9994-A36A940FF321}.Release|Any CPU.Build.0 = Release|Any CPU
		{8F281C83-F386-4936-94D0-1D3B753DE1D6}.Debug|Any CPU.ActiveCfg = Debug|Any CPU
		{8F281C83-F386-4936-94D0-1D3B753DE1D6}.Debug|Any CPU.Build.0 = Debug|Any CPU
		{8F281C83-F386-4936-94D0-1D3B753DE1D6}.Release|Any CPU.ActiveCfg = Release|Any CPU
		{8F281C83-F386-4936-94D0-1D3B753DE1D6}.Release|Any CPU.Build.0 = Release|Any CPU
		{14897E42-6951-420C-95AB-DB1D266F742B}.Debug|Any CPU.ActiveCfg = Debug|Any CPU
		{14897E42-6951-420C-95AB-DB1D266F742B}.Debug|Any CPU.Build.0 = Debug|Any CPU
		{14897E42-6951-420C-95AB-DB1D266F742B}.Release|Any CPU.ActiveCfg = Release|Any CPU
		{14897E42-6951-420C-95AB-DB1D266F742B}.Release|Any CPU.Build.0 = Release|Any CPU
	EndGlobalSection
	GlobalSection(SolutionProperties) = preSolution
		HideSolutionNode = FALSE
	EndGlobalSection
	GlobalSection(ExtensibilityGlobals) = postSolution
		SolutionGuid = {FF04BA39-57A1-4CB8-B4AD-E6A7DC6E9D7C}
	EndGlobalSection
EndGlobal
